// !$*UTF8*$!
{
	archiveVersion = 1;
	classes = {
	};
	objectVersion = 50;
	objects = {

/* Begin PBXBuildFile section */
		AC27808421219BC500C27725 /* AppDelegate.swift in Sources */ = {isa = PBXBuildFile; fileRef = AC27808321219BC500C27725 /* AppDelegate.swift */; };
		AC27808621219BC500C27725 /* ViewController.swift in Sources */ = {isa = PBXBuildFile; fileRef = AC27808521219BC500C27725 /* ViewController.swift */; };
		AC27808921219BC500C27725 /* Main.storyboard in Resources */ = {isa = PBXBuildFile; fileRef = AC27808721219BC500C27725 /* Main.storyboard */; };
		AC27808B21219BCB00C27725 /* Assets.xcassets in Resources */ = {isa = PBXBuildFile; fileRef = AC27808A21219BCB00C27725 /* Assets.xcassets */; };
		AC27808E21219BCB00C27725 /* LaunchScreen.storyboard in Resources */ = {isa = PBXBuildFile; fileRef = AC27808C21219BCB00C27725 /* LaunchScreen.storyboard */; };
		AC5E9696212ADB1800769C5D /* DetalheViewController.swift in Sources */ = {isa = PBXBuildFile; fileRef = AC5E9695212ADB1800769C5D /* DetalheViewController.swift */; };
/* End PBXBuildFile section */

/* Begin PBXFileReference section */
		AC27808021219BC500C27725 /* Correção_Exercício_Table.app */ = {isa = PBXFileReference; explicitFileType = wrapper.application; includeInIndex = 0; path = "Correção_Exercício_Table.app"; sourceTree = BUILT_PRODUCTS_DIR; };
		AC27808321219BC500C27725 /* AppDelegate.swift */ = {isa = PBXFileReference; lastKnownFileType = sourcecode.swift; path = AppDelegate.swift; sourceTree = "<group>"; };
		AC27808521219BC500C27725 /* ViewController.swift */ = {isa = PBXFileReference; lastKnownFileType = sourcecode.swift; path = ViewController.swift; sourceTree = "<group>"; };
		AC27808821219BC500C27725 /* Base */ = {isa = PBXFileReference; lastKnownFileType = file.storyboard; name = Base; path = Base.lproj/Main.storyboard; sourceTree = "<group>"; };
		AC27808A21219BCB00C27725 /* Assets.xcassets */ = {isa = PBXFileReference; lastKnownFileType = folder.assetcatalog; path = Assets.xcassets; sourceTree = "<group>"; };
		AC27808D21219BCB00C27725 /* Base */ = {isa = PBXFileReference; lastKnownFileType = file.storyboard; name = Base; path = Base.lproj/LaunchScreen.storyboard; sourceTree = "<group>"; };
		AC27808F21219BCB00C27725 /* Info.plist */ = {isa = PBXFileReference; lastKnownFileType = text.plist.xml; path = Info.plist; sourceTree = "<group>"; };
		AC5E9695212ADB1800769C5D /* DetalheViewController.swift */ = {isa = PBXFileReference; lastKnownFileType = sourcecode.swift; path = DetalheViewController.swift; sourceTree = "<group>"; };
/* End PBXFileReference section */

/* Begin PBXFrameworksBuildPhase section */
		AC27807D21219BC500C27725 /* Frameworks */ = {
			isa = PBXFrameworksBuildPhase;
			buildActionMask = 2147483647;
			files = (
			);
			runOnlyForDeploymentPostprocessing = 0;
		};
/* End PBXFrameworksBuildPhase section */

/* Begin PBXGroup section */
		AC27807721219BC500C27725 = {
			isa = PBXGroup;
			children = (
				AC5E9695212ADB1800769C5D /* DetalheViewController.swift */,
				AC27808221219BC500C27725 /* Correção_Exercício_Table */,
				AC27808121219BC500C27725 /* Products */,
			);
			sourceTree = "<group>";
		};
		AC27808121219BC500C27725 /* Products */ = {
			isa = PBXGroup;
			children = (
				AC27808021219BC500C27725 /* Correção_Exercício_Table.app */,
			);
			name = Products;
			sourceTree = "<group>";
		};
		AC27808221219BC500C27725 /* Correção_Exercício_Table */ = {
			isa = PBXGroup;
			children = (
				AC27808321219BC500C27725 /* AppDelegate.swift */,
				AC27808521219BC500C27725 /* ViewController.swift */,
				AC27808721219BC500C27725 /* Main.storyboard */,
				AC27808A21219BCB00C27725 /* Assets.xcassets */,
				AC27808C21219BCB00C27725 /* LaunchScreen.storyboard */,
				AC27808F21219BCB00C27725 /* Info.plist */,
			);
			path = "Correção_Exercício_Table";
			sourceTree = "<group>";
		};
/* End PBXGroup section */

/* Begin PBXNativeTarget section */
		AC27807F21219BC500C27725 /* Correção_Exercício_Table */ = {
			isa = PBXNativeTarget;
			buildConfigurationList = AC27809221219BCB00C27725 /* Build configuration list for PBXNativeTarget "Correção_Exercício_Table" */;
			buildPhases = (
				AC27807C21219BC500C27725 /* Sources */,
				AC27807D21219BC500C27725 /* Frameworks */,
				AC27807E21219BC500C27725 /* Resources */,
			);
			buildRules = (
			);
			dependencies = (
			);
			name = "Correção_Exercício_Table";
			productName = "Correção_Exercício_Table";
			productReference = AC27808021219BC500C27725 /* Correção_Exercício_Table.app */;
			productType = "com.apple.product-type.application";
		};
/* End PBXNativeTarget section */

/* Begin PBXProject section */
		AC27807821219BC500C27725 /* Project object */ = {
			isa = PBXProject;
			attributes = {
				LastSwiftUpdateCheck = 0940;
				LastUpgradeCheck = 0940;
				ORGANIZATIONNAME = Agesandro;
				TargetAttributes = {
					AC27807F21219BC500C27725 = {
						CreatedOnToolsVersion = 9.4.1;
					};
				};
			};
			buildConfigurationList = AC27807B21219BC500C27725 /* Build configuration list for PBXProject "Correção_Exercício_Table" */;
			compatibilityVersion = "Xcode 9.3";
			developmentRegion = en;
			hasScannedForEncodings = 0;
			knownRegions = (
				en,
				Base,
			);
			mainGroup = AC27807721219BC500C27725;
			productRefGroup = AC27808121219BC500C27725 /* Products */;
			projectDirPath = "";
			projectRoot = "";
			targets = (
				AC27807F21219BC500C27725 /* Correção_Exercício_Table */,
			);
		};
/* End PBXProject section */

/* Begin PBXResourcesBuildPhase section */
		AC27807E21219BC500C27725 /* Resources */ = {
			isa = PBXResourcesBuildPhase;
			buildActionMask = 2147483647;
			files = (
				AC27808E21219BCB00C27725 /* LaunchScreen.storyboard in Resources */,
				AC27808B21219BCB00C27725 /* Assets.xcassets in Resources */,
				AC27808921219BC500C27725 /* Main.storyboard in Resources */,
			);
			runOnlyForDeploymentPostprocessing = 0;
		};
/* End PBXResourcesBuildPhase section */

/* Begin PBXSourcesBuildPhase section */
		AC27807C21219BC500C27725 /* Sources */ = {
			isa = PBXSourcesBuildPhase;
			buildActionMask = 2147483647;
			files = (
				AC27808621219BC500C27725 /* ViewController.swift in Sources */,
				AC27808421219BC500C27725 /* AppDelegate.swift in Sources */,
				AC5E9696212ADB1800769C5D /* DetalheViewController.swift in Sources */,
			);
			runOnlyForDeploymentPostprocessing = 0;
		};
/* End PBXSourcesBuildPhase section */

/* Begin PBXVariantGroup section */
		AC27808721219BC500C27725 /* Main.storyboard */ = {
			isa = PBXVariantGroup;
			children = (
				AC27808821219BC500C27725 /* Base */,
			);
			name = Main.storyboard;
			sourceTree = "<group>";
		};
		AC27808C21219BCB00C27725 /* LaunchScreen.storyboard */ = {
			isa = PBXVariantGroup;
			children = (
				AC27808D21219BCB00C27725 /* Base */,
			);
			name = LaunchScreen.storyboard;
			sourceTree = "<group>";
		};
/* End PBXVariantGroup section */

/* Begin XCBuildConfiguration section */
		AC27809021219BCB00C27725 /* Debug */ = {
			isa = XCBuildConfiguration;
			buildSettings = {
				ALWAYS_SEARCH_USER_PATHS = NO;
				CLANG_ANALYZER_NONNULL = YES;
				CLANG_ANALYZER_NUMBER_OBJECT_CONVERSION = YES_AGGRESSIVE;
				CLANG_CXX_LANGUAGE_STANDARD = "gnu++14";
				CLANG_CXX_LIBRARY = "libc++";
				CLANG_ENABLE_MODULES = YES;
				CLANG_ENABLE_OBJC_ARC = YES;
				CLANG_ENABLE_OBJC_WEAK = YES;
				CLANG_WARN_BLOCK_CAPTURE_AUTORELEASING = YES;
				CLANG_WARN_BOOL_CONVERSION = YES;
				CLANG_WARN_COMMA = YES;
				CLANG_WARN_CONSTANT_CONVERSION = YES;
				CLANG_WARN_DEPRECATED_OBJC_IMPLEMENTATIONS = YES;
				CLANG_WARN_DIRECT_OBJC_ISA_USAGE = YES_ERROR;
				CLANG_WARN_DOCUMENTATION_COMMENTS = YES;
				CLANG_WARN_EMPTY_BODY = YES;
				CLANG_WARN_ENUM_CONVERSION = YES;
				CLANG_WARN_INFINITE_RECURSION = YES;
				CLANG_WARN_INT_CONVERSION = YES;
				CLANG_WARN_NON_LITERAL_NULL_CONVERSION = YES;
				CLANG_WARN_OBJC_IMPLICIT_RETAIN_SELF = YES;
				CLANG_WARN_OBJC_LITERAL_CONVERSION = YES;
				CLANG_WARN_OBJC_ROOT_CLASS = YES_ERROR;
				CLANG_WARN_RANGE_LOOP_ANALYSIS = YES;
				CLANG_WARN_STRICT_PROTOTYPES = YES;
				CLANG_WARN_SUSPICIOUS_MOVE = YES;
				CLANG_WARN_UNGUARDED_AVAILABILITY = YES_AGGRESSIVE;
				CLANG_WARN_UNREACHABLE_CODE = YES;
				CLANG_WARN__DUPLICATE_METHOD_MATCH = YES;
				CODE_SIGN_IDENTITY = "iPhone Developer";
				COPY_PHASE_STRIP = NO;
				DEBUG_INFORMATION_FORMAT = dwarf;
				ENABLE_STRICT_OBJC_MSGSEND = YES;
				ENABLE_TESTABILITY = YES;
				GCC_C_LANGUAGE_STANDARD = gnu11;
				GCC_DYNAMIC_NO_PIC = NO;
				GCC_NO_COMMON_BLOCKS = YES;
				GCC_OPTIMIZATION_LEVEL = 0;
				GCC_PREPROCESSOR_DEFINITIONS = (
					"DEBUG=1",
					"$(inherited)",
				);
				GCC_WARN_64_TO_32_BIT_CONVERSION = YES;
				GCC_WARN_ABOUT_RETURN_TYPE = YES_ERROR;
				GCC_WARN_UNDECLARED_SELECTOR = YES;
				GCC_WARN_UNINITIALIZED_AUTOS = YES_AGGRESSIVE;
				GCC_WARN_UNUSED_FUNCTION = YES;
				GCC_WARN_UNUSED_VARIABLE = YES;
				IPHONEOS_DEPLOYMENT_TARGET = 11.4;
				MTL_ENABLE_DEBUG_INFO = YES;
				ONLY_ACTIVE_ARCH = YES;
				SDKROOT = iphoneos;
				SWIFT_ACTIVE_COMPILATION_CONDITIONS = DEBUG;
				SWIFT_OPTIMIZATION_LEVEL = "-Onone";
			};
			name = Debug;
		};
		AC27809121219BCB00C27725 /* Release */ = {
			isa = XCBuildConfiguration;
			buildSettings = {
				ALWAYS_SEARCH_USER_PATHS = NO;
				CLANG_ANALYZER_NONNULL = YES;
				CLANG_ANALYZER_NUMBER_OBJECT_CONVERSION = YES_AGGRESSIVE;
				CLANG_CXX_LANGUAGE_STANDARD = "gnu++14";
				CLANG_CXX_LIBRARY = "libc++";
				CLANG_ENABLE_MODULES = YES;
				CLANG_ENABLE_OBJC_ARC = YES;
				CLANG_ENABLE_OBJC_WEAK = YES;
				CLANG_WARN_BLOCK_CAPTURE_AUTORELEASING = YES;
				CLANG_WARN_BOOL_CONVERSION = YES;
				CLANG_WARN_COMMA = YES;
				CLANG_WARN_CONSTANT_CONVERSION = YES;
				CLANG_WARN_DEPRECATED_OBJC_IMPLEMENTATIONS = YES;
				CLANG_WARN_DIRECT_OBJC_ISA_USAGE = YES_ERROR;
				CLANG_WARN_DOCUMENTATION_COMMENTS = YES;
				CLANG_WARN_EMPTY_BODY = YES;
				CLANG_WARN_ENUM_CONVERSION = YES;
				CLANG_WARN_INFINITE_RECURSION = YES;
				CLANG_WARN_INT_CONVERSION = YES;
				CLANG_WARN_NON_LITERAL_NULL_CONVERSION = YES;
				CLANG_WARN_OBJC_IMPLICIT_RETAIN_SELF = YES;
				CLANG_WARN_OBJC_LITERAL_CONVERSION = YES;
				CLANG_WARN_OBJC_ROOT_CLASS = YES_ERROR;
				CLANG_WARN_RANGE_LOOP_ANALYSIS = YES;
				CLANG_WARN_STRICT_PROTOTYPES = YES;
				CLANG_WARN_SUSPICIOUS_MOVE = YES;
				CLANG_WARN_UNGUARDED_AVAILABILITY = YES_AGGRESSIVE;
				CLANG_WARN_UNREACHABLE_CODE = YES;
				CLANG_WARN__DUPLICATE_METHOD_MATCH = YES;
				CODE_SIGN_IDENTITY = "iPhone Developer";
				COPY_PHASE_STRIP = NO;
				DEBUG_INFORMATION_FORMAT = "dwarf-with-dsym";
				ENABLE_NS_ASSERTIONS = NO;
				ENABLE_STRICT_OBJC_MSGSEND = YES;
				GCC_C_LANGUAGE_STANDARD = gnu11;
				GCC_NO_COMMON_BLOCKS = YES;
				GCC_WARN_64_TO_32_BIT_CONVERSION = YES;
				GCC_WARN_ABOUT_RETURN_TYPE = YES_ERROR;
				GCC_WARN_UNDECLARED_SELECTOR = YES;
				GCC_WARN_UNINITIALIZED_AUTOS = YES_AGGRESSIVE;
				GCC_WARN_UNUSED_FUNCTION = YES;
				GCC_WARN_UNUSED_VARIABLE = YES;
				IPHONEOS_DEPLOYMENT_TARGET = 11.4;
				MTL_ENABLE_DEBUG_INFO = NO;
				SDKROOT = iphoneos;
				SWIFT_COMPILATION_MODE = wholemodule;
				SWIFT_OPTIMIZATION_LEVEL = "-O";
				VALIDATE_PRODUCT = YES;
			};
			name = Release;
		};
		AC27809321219BCB00C27725 /* Debug */ = {
			isa = XCBuildConfiguration;
			buildSettings = {
				ASSETCATALOG_COMPILER_APPICON_NAME = AppIcon;
				CODE_SIGN_STYLE = Automatic;
				INFOPLIST_FILE = "Correção_Exercício_Table/Info.plist";
				LD_RUNPATH_SEARCH_PATHS = (
					"$(inherited)",
					"@executable_path/Frameworks",
				);
				PRODUCT_BUNDLE_IDENTIFIER = "com.fiap.Correc-a-o-Exerci-cio-Table";
				PRODUCT_NAME = "$(TARGET_NAME)";
				SWIFT_VERSION = 4.0;
				TARGETED_DEVICE_FAMILY = "1,2";
			};
			name = Debug;
		};
		AC27809421219BCB00C27725 /* Release */ = {
			isa = XCBuildConfiguration;
			buildSettings = {
				ASSETCATALOG_COMPILER_APPICON_NAME = AppIcon;
				CODE_SIGN_STYLE = Automatic;
				INFOPLIST_FILE = "Correção_Exercício_Table/Info.plist";
				LD_RUNPATH_SEARCH_PATHS = (
					"$(inherited)",
					"@executable_path/Frameworks",
				);
				PRODUCT_BUNDLE_IDENTIFIER = "com.fiap.Correc-a-o-Exerci-cio-Table";
				PRODUCT_NAME = "$(TARGET_NAME)";
				SWIFT_VERSION = 4.0;
				TARGETED_DEVICE_FAMILY = "1,2";
			};
			name = Release;
		};
/* End XCBuildConfiguration section */

/* Begin XCConfigurationList section */
		AC27807B21219BC500C27725 /* Build configuration list for PBXProject "Correção_Exercício_Table" */ = {
			isa = XCConfigurationList;
			buildConfigurations = (
				AC27809021219BCB00C27725 /* Debug */,
				AC27809121219BCB00C27725 /* Release */,
			);
			defaultConfigurationIsVisible = 0;
			defaultConfigurationName = Release;
		};
		AC27809221219BCB00C27725 /* Build configuration list for PBXNativeTarget "Correção_Exercício_Table" */ = {
			isa = XCConfigurationList;
			buildConfigurations = (
				AC27809321219BCB00C27725 /* Debug */,
				AC27809421219BCB00C27725 /* Release */,
			);
			defaultConfigurationIsVisible = 0;
			defaultConfigurationName = Release;
		};
/* End XCConfigurationList section */
	};
	rootObject = AC27807821219BC500C27725 /* Project object */;
}
